
Microsoft Visual Studio Solution File, Format Version 12.00
# Visual Studio 2013
VisualStudioVersion = 12.0.21005.1
MinimumVisualStudioVersion = 10.0.40219.1
Project("{FAE04EC0-301F-11D3-BF4B-00C04F79EFBC}") = "GraphWPF", "GraphWPF\GraphWPF.csproj", "{C22324B9-8A60-48DE-89C8-63F9C451D7FE}"
EndProject
Global
	GlobalSection(SolutionConfigurationPlatforms) = preSolution
		Debug|Any CPU = Debug|Any CPU
		Release|Any CPU = Release|Any CPU
	EndGlobalSection
	GlobalSection(ProjectConfigurationPlatforms) = postSolution
		{C22324B9-8A60-48DE-89C8-63F9C451D7FE}.Debug|Any CPU.ActiveCfg = Debug|Any CPU
		{C22324B9-8A60-48DE-89C8-63F9C451D7FE}.Debug|Any CPU.Build.0 = Debug|Any CPU
		{C22324B9-8A60-48DE-89C8-63F9C451D7FE}.Release|Any CPU.ActiveCfg = Release|Any CPU
		{C22324B9-8A60-48DE-89C8-63F9C451D7FE}.Release|Any CPU.Build.0 = Release|Any CPU
	EndGlobalSection
	GlobalSection(SolutionProperties) = preSolution
		HideSolutionNode = FALSE
	EndGlobalSection
EndGlobal
