
Microsoft Visual Studio Solution File, Format Version 9.00
# Visual Studio 2005
Project("{FAE04EC0-301F-11D3-BF4B-00C04F79EFBC}") = "Restaurant", "Restaurant\Restaurant.csproj", "{F73024B1-9718-4D9B-9D10-00AA6537B08B}"
EndProject
Global
	GlobalSection(SolutionConfigurationPlatforms) = preSolution
		Debug|Any CPU = Debug|Any CPU
		Release|Any CPU = Release|Any CPU
	EndGlobalSection
	GlobalSection(ProjectConfigurationPlatforms) = postSolution
		{F73024B1-9718-4D9B-9D10-00AA6537B08B}.Debug|Any CPU.ActiveCfg = Debug|Any CPU
		{F73024B1-9718-4D9B-9D10-00AA6537B08B}.Debug|Any CPU.Build.0 = Debug|Any CPU
		{F73024B1-9718-4D9B-9D10-00AA6537B08B}.Release|Any CPU.ActiveCfg = Release|Any CPU
		{F73024B1-9718-4D9B-9D10-00AA6537B08B}.Release|Any CPU.Build.0 = Release|Any CPU
	EndGlobalSection
	GlobalSection(SolutionProperties) = preSolution
		HideSolutionNode = FALSE
	EndGlobalSection
EndGlobal
