
Microsoft Visual Studio Solution File, Format Version 12.00
# Visual Studio 2012
Project("{FAE04EC0-301F-11D3-BF4B-00C04F79EFBC}") = "WpfApplication15", "WpfApplication15\WpfApplication15.csproj", "{A3B5FF10-A7D2-402D-8193-2E48EFBB8AEF}"
EndProject
Global
	GlobalSection(SolutionConfigurationPlatforms) = preSolution
		Debug|Any CPU = Debug|Any CPU
		Release|Any CPU = Release|Any CPU
	EndGlobalSection
	GlobalSection(ProjectConfigurationPlatforms) = postSolution
		{A3B5FF10-A7D2-402D-8193-2E48EFBB8AEF}.Debug|Any CPU.ActiveCfg = Debug|Any CPU
		{A3B5FF10-A7D2-402D-8193-2E48EFBB8AEF}.Debug|Any CPU.Build.0 = Debug|Any CPU
		{A3B5FF10-A7D2-402D-8193-2E48EFBB8AEF}.Release|Any CPU.ActiveCfg = Release|Any CPU
		{A3B5FF10-A7D2-402D-8193-2E48EFBB8AEF}.Release|Any CPU.Build.0 = Release|Any CPU
	EndGlobalSection
	GlobalSection(SolutionProperties) = preSolution
		HideSolutionNode = FALSE
	EndGlobalSection
EndGlobal
