
Microsoft Visual Studio Solution File, Format Version 11.00
# Visual Studio 2010
Project("{FAE04EC0-301F-11D3-BF4B-00C04F79EFBC}") = "MDIApplication", "MDIApplication\MDIApplication.csproj", "{EB378394-86B0-4212-8F6F-8107D299FE75}"
EndProject
Global
	GlobalSection(SolutionConfigurationPlatforms) = preSolution
		Debug|Any CPU = Debug|Any CPU
		Release|Any CPU = Release|Any CPU
	EndGlobalSection
	GlobalSection(ProjectConfigurationPlatforms) = postSolution
		{EB378394-86B0-4212-8F6F-8107D299FE75}.Debug|Any CPU.ActiveCfg = Debug|Any CPU
		{EB378394-86B0-4212-8F6F-8107D299FE75}.Debug|Any CPU.Build.0 = Debug|Any CPU
		{EB378394-86B0-4212-8F6F-8107D299FE75}.Release|Any CPU.ActiveCfg = Release|Any CPU
		{EB378394-86B0-4212-8F6F-8107D299FE75}.Release|Any CPU.Build.0 = Release|Any CPU
	EndGlobalSection
	GlobalSection(SolutionProperties) = preSolution
		HideSolutionNode = FALSE
	EndGlobalSection
EndGlobal
